
Microsoft Visual Studio Solution File, Format Version 12.00
# Visual Studio 15
VisualStudioVersion = 15.0.26124.0
MinimumVisualStudioVersion = 15.0.26124.0
Project("{FAE04EC0-301F-11D3-BF4B-00C04F79EFBC}") = "Domain", "Domain\Domain.csproj", "{C4F74FFF-7FBB-441E-A767-F3FCEC9221C9}"
EndProject
Project("{FAE04EC0-301F-11D3-BF4B-00C04F79EFBC}") = "Controllers", "Controllers\Controllers.csproj", "{9CE28804-5100-4F56-8564-57C621A8280C}"
EndProject
Project("{FAE04EC0-301F-11D3-BF4B-00C04F79EFBC}") = "Persistence", "Persistence\Persistence.csproj", "{F9E102C2-C761-47B7-A8A9-7217EB620507}"
EndProject
Project("{FAE04EC0-301F-11D3-BF4B-00C04F79EFBC}") = "Application", "Application\Application.csproj", "{4C73A22F-ED1D-4AEE-96D8-09155A7EFD89}"
EndProject
Global
	GlobalSection(SolutionProperties) = preSolution
		HideSolutionNode = FALSE
	EndGlobalSection
	GlobalSection(SolutionConfigurationPlatforms) = preSolution
		Debug|Any CPU = Debug|Any CPU
		Debug|x64 = Debug|x64
		Debug|x86 = Debug|x86
		Release|Any CPU = Release|Any CPU
		Release|x64 = Release|x64
		Release|x86 = Release|x86
	EndGlobalSection
	GlobalSection(ProjectConfigurationPlatforms) = postSolution
		{C4F74FFF-7FBB-441E-A767-F3FCEC9221C9}.Debug|Any CPU.ActiveCfg = Debug|Any CPU
		{C4F74FFF-7FBB-441E-A767-F3FCEC9221C9}.Debug|Any CPU.Build.0 = Debug|Any CPU
		{C4F74FFF-7FBB-441E-A767-F3FCEC9221C9}.Debug|x64.ActiveCfg = Debug|Any CPU
		{C4F74FFF-7FBB-441E-A767-F3FCEC9221C9}.Debug|x64.Build.0 = Debug|Any CPU
		{C4F74FFF-7FBB-441E-A767-F3FCEC9221C9}.Debug|x86.ActiveCfg = Debug|Any CPU
		{C4F74FFF-7FBB-441E-A767-F3FCEC9221C9}.Debug|x86.Build.0 = Debug|Any CPU
		{C4F74FFF-7FBB-441E-A767-F3FCEC9221C9}.Release|Any CPU.ActiveCfg = Release|Any CPU
		{C4F74FFF-7FBB-441E-A767-F3FCEC9221C9}.Release|Any CPU.Build.0 = Release|Any CPU
		{C4F74FFF-7FBB-441E-A767-F3FCEC9221C9}.Release|x64.ActiveCfg = Release|Any CPU
		{C4F74FFF-7FBB-441E-A767-F3FCEC9221C9}.Release|x64.Build.0 = Release|Any CPU
		{C4F74FFF-7FBB-441E-A767-F3FCEC9221C9}.Release|x86.ActiveCfg = Release|Any CPU
		{C4F74FFF-7FBB-441E-A767-F3FCEC9221C9}.Release|x86.Build.0 = Release|Any CPU
		{9CE28804-5100-4F56-8564-57C621A8280C}.Debug|Any CPU.ActiveCfg = Debug|Any CPU
		{9CE28804-5100-4F56-8564-57C621A8280C}.Debug|Any CPU.Build.0 = Debug|Any CPU
		{9CE28804-5100-4F56-8564-57C621A8280C}.Debug|x64.ActiveCfg = Debug|Any CPU
		{9CE28804-5100-4F56-8564-57C621A8280C}.Debug|x64.Build.0 = Debug|Any CPU
		{9CE28804-5100-4F56-8564-57C621A8280C}.Debug|x86.ActiveCfg = Debug|Any CPU
		{9CE28804-5100-4F56-8564-57C621A8280C}.Debug|x86.Build.0 = Debug|Any CPU
		{9CE28804-5100-4F56-8564-57C621A8280C}.Release|Any CPU.ActiveCfg = Release|Any CPU
		{9CE28804-5100-4F56-8564-57C621A8280C}.Release|Any CPU.Build.0 = Release|Any CPU
		{9CE28804-5100-4F56-8564-57C621A8280C}.Release|x64.ActiveCfg = Release|Any CPU
		{9CE28804-5100-4F56-8564-57C621A8280C}.Release|x64.Build.0 = Release|Any CPU
		{9CE28804-5100-4F56-8564-57C621A8280C}.Release|x86.ActiveCfg = Release|Any CPU
		{9CE28804-5100-4F56-8564-57C621A8280C}.Release|x86.Build.0 = Release|Any CPU
		{F9E102C2-C761-47B7-A8A9-7217EB620507}.Debug|Any CPU.ActiveCfg = Debug|Any CPU
		{F9E102C2-C761-47B7-A8A9-7217EB620507}.Debug|Any CPU.Build.0 = Debug|Any CPU
		{F9E102C2-C761-47B7-A8A9-7217EB620507}.Debug|x64.ActiveCfg = Debug|Any CPU
		{F9E102C2-C761-47B7-A8A9-7217EB620507}.Debug|x64.Build.0 = Debug|Any CPU
		{F9E102C2-C761-47B7-A8A9-7217EB620507}.Debug|x86.ActiveCfg = Debug|Any CPU
		{F9E102C2-C761-47B7-A8A9-7217EB620507}.Debug|x86.Build.0 = Debug|Any CPU
		{F9E102C2-C761-47B7-A8A9-7217EB620507}.Release|Any CPU.ActiveCfg = Release|Any CPU
		{F9E102C2-C761-47B7-A8A9-7217EB620507}.Release|Any CPU.Build.0 = Release|Any CPU
		{F9E102C2-C761-47B7-A8A9-7217EB620507}.Release|x64.ActiveCfg = Release|Any CPU
		{F9E102C2-C761-47B7-A8A9-7217EB620507}.Release|x64.Build.0 = Release|Any CPU
		{F9E102C2-C761-47B7-A8A9-7217EB620507}.Release|x86.ActiveCfg = Release|Any CPU
		{F9E102C2-C761-47B7-A8A9-7217EB620507}.Release|x86.Build.0 = Release|Any CPU
		{4C73A22F-ED1D-4AEE-96D8-09155A7EFD89}.Debug|Any CPU.ActiveCfg = Debug|Any CPU
		{4C73A22F-ED1D-4AEE-96D8-09155A7EFD89}.Debug|Any CPU.Build.0 = Debug|Any CPU
		{4C73A22F-ED1D-4AEE-96D8-09155A7EFD89}.Debug|x64.ActiveCfg = Debug|Any CPU
		{4C73A22F-ED1D-4AEE-96D8-09155A7EFD89}.Debug|x64.Build.0 = Debug|Any CPU
		{4C73A22F-ED1D-4AEE-96D8-09155A7EFD89}.Debug|x86.ActiveCfg = Debug|Any CPU
		{4C73A22F-ED1D-4AEE-96D8-09155A7EFD89}.Debug|x86.Build.0 = Debug|Any CPU
		{4C73A22F-ED1D-4AEE-96D8-09155A7EFD89}.Release|Any CPU.ActiveCfg = Release|Any CPU
		{4C73A22F-ED1D-4AEE-96D8-09155A7EFD89}.Release|Any CPU.Build.0 = Release|Any CPU
		{4C73A22F-ED1D-4AEE-96D8-09155A7EFD89}.Release|x64.ActiveCfg = Release|Any CPU
		{4C73A22F-ED1D-4AEE-96D8-09155A7EFD89}.Release|x64.Build.0 = Release|Any CPU
		{4C73A22F-ED1D-4AEE-96D8-09155A7EFD89}.Release|x86.ActiveCfg = Release|Any CPU
		{4C73A22F-ED1D-4AEE-96D8-09155A7EFD89}.Release|x86.Build.0 = Release|Any CPU
	EndGlobalSection
EndGlobal
